
Microsoft Visual Studio Solution File, Format Version 12.00
# Visual Studio Version 17
VisualStudioVersion = 17.5.33530.505
MinimumVisualStudioVersion = 10.0.40219.1
Project("{9A19103F-16F7-4668-BE54-9A1E7A4F7556}") = "M001", "M001\M001.csproj", "{39C9BB19-E016-4817-88B2-275EF6BDCA1B}"
EndProject
Project("{9A19103F-16F7-4668-BE54-9A1E7A4F7556}") = "M002", "M002\M002.csproj", "{7649D452-796E-4926-8444-C9B019AE54F6}"
EndProject
Project("{9A19103F-16F7-4668-BE54-9A1E7A4F7556}") = "M003", "M003\M003.csproj", "{AF6ED17A-9C6E-4477-ADC9-EC9A433C9961}"
EndProject
Project("{FAE04EC0-301F-11D3-BF4B-00C04F79EFBC}") = "M004", "M004\M004.csproj", "{A51B49E3-9AA8-4756-9DA7-4B3494B086F3}"
EndProject
Global
	GlobalSection(SolutionConfigurationPlatforms) = preSolution
		Debug|Any CPU = Debug|Any CPU
		Release|Any CPU = Release|Any CPU
	EndGlobalSection
	GlobalSection(ProjectConfigurationPlatforms) = postSolution
		{39C9BB19-E016-4817-88B2-275EF6BDCA1B}.Debug|Any CPU.ActiveCfg = Debug|Any CPU
		{39C9BB19-E016-4817-88B2-275EF6BDCA1B}.Debug|Any CPU.Build.0 = Debug|Any CPU
		{39C9BB19-E016-4817-88B2-275EF6BDCA1B}.Release|Any CPU.ActiveCfg = Release|Any CPU
		{39C9BB19-E016-4817-88B2-275EF6BDCA1B}.Release|Any CPU.Build.0 = Release|Any CPU
		{7649D452-796E-4926-8444-C9B019AE54F6}.Debug|Any CPU.ActiveCfg = Debug|Any CPU
		{7649D452-796E-4926-8444-C9B019AE54F6}.Debug|Any CPU.Build.0 = Debug|Any CPU
		{7649D452-796E-4926-8444-C9B019AE54F6}.Release|Any CPU.ActiveCfg = Release|Any CPU
		{7649D452-796E-4926-8444-C9B019AE54F6}.Release|Any CPU.Build.0 = Release|Any CPU
		{AF6ED17A-9C6E-4477-ADC9-EC9A433C9961}.Debug|Any CPU.ActiveCfg = Debug|Any CPU
		{AF6ED17A-9C6E-4477-ADC9-EC9A433C9961}.Debug|Any CPU.Build.0 = Debug|Any CPU
		{AF6ED17A-9C6E-4477-ADC9-EC9A433C9961}.Release|Any CPU.ActiveCfg = Release|Any CPU
		{AF6ED17A-9C6E-4477-ADC9-EC9A433C9961}.Release|Any CPU.Build.0 = Release|Any CPU
		{A51B49E3-9AA8-4756-9DA7-4B3494B086F3}.Debug|Any CPU.ActiveCfg = Debug|Any CPU
		{A51B49E3-9AA8-4756-9DA7-4B3494B086F3}.Debug|Any CPU.Build.0 = Debug|Any CPU
		{A51B49E3-9AA8-4756-9DA7-4B3494B086F3}.Release|Any CPU.ActiveCfg = Release|Any CPU
		{A51B49E3-9AA8-4756-9DA7-4B3494B086F3}.Release|Any CPU.Build.0 = Release|Any CPU
	EndGlobalSection
	GlobalSection(SolutionProperties) = preSolution
		HideSolutionNode = FALSE
	EndGlobalSection
	GlobalSection(ExtensibilityGlobals) = postSolution
		SolutionGuid = {16CEB7DE-AC1D-4B4A-9962-016143C5321B}
	EndGlobalSection
EndGlobal
